// !$*UTF8*$!
{
	archiveVersion = 1;
	classes = {
	};
	objectVersion = 46;
	objects = {

/* Begin PBXBuildFile section */
		9FB69D8B1C80A977003FD67F /* AppDelegate.swift in Sources */ = {isa = PBXBuildFile; fileRef = 9FB69D8A1C80A977003FD67F /* AppDelegate.swift */; };
		9FB69D8D1C80A977003FD67F /* ViewController.swift in Sources */ = {isa = PBXBuildFile; fileRef = 9FB69D8C1C80A977003FD67F /* ViewController.swift */; };
		9FB69D901C80A977003FD67F /* Main.storyboard in Resources */ = {isa = PBXBuildFile; fileRef = 9FB69D8E1C80A977003FD67F /* Main.storyboard */; };
		9FB69D921C80A977003FD67F /* Assets.xcassets in Resources */ = {isa = PBXBuildFile; fileRef = 9FB69D911C80A977003FD67F /* Assets.xcassets */; };
		9FB69D951C80A977003FD67F /* LaunchScreen.storyboard in Resources */ = {isa = PBXBuildFile; fileRef = 9FB69D931C80A977003FD67F /* LaunchScreen.storyboard */; };
		9FB69DA01C80A977003FD67F /* UIColorExtensionTests.swift in Sources */ = {isa = PBXBuildFile; fileRef = 9FB69D9F1C80A977003FD67F /* UIColorExtensionTests.swift */; };
		9FB69DAB1C80A977003FD67F /* UIColorExtensionUITests.swift in Sources */ = {isa = PBXBuildFile; fileRef = 9FB69DAA1C80A977003FD67F /* UIColorExtensionUITests.swift */; };
/* End PBXBuildFile section */

/* Begin PBXContainerItemProxy section */
		9FB69D9C1C80A977003FD67F /* PBXContainerItemProxy */ = {
			isa = PBXContainerItemProxy;
			containerPortal = 9FB69D7F1C80A977003FD67F /* Project object */;
			proxyType = 1;
			remoteGlobalIDString = 9FB69D861C80A977003FD67F;
			remoteInfo = UIColorExtension;
		};
		9FB69DA71C80A977003FD67F /* PBXContainerItemProxy */ = {
			isa = PBXContainerItemProxy;
			containerPortal = 9FB69D7F1C80A977003FD67F /* Project object */;
			proxyType = 1;
			remoteGlobalIDString = 9FB69D861C80A977003FD67F;
			remoteInfo = UIColorExtension;
		};
/* End PBXContainerItemProxy section */

/* Begin PBXFileReference section */
		9FB69D871C80A977003FD67F /* UIColorExtension.app */ = {isa = PBXFileReference; explicitFileType = wrapper.application; includeInIndex = 0; path = UIColorExtension.app; sourceTree = BUILT_PRODUCTS_DIR; };
		9FB69D8A1C80A977003FD67F /* AppDelegate.swift */ = {isa = PBXFileReference; lastKnownFileType = sourcecode.swift; path = AppDelegate.swift; sourceTree = "<group>"; };
		9FB69D8C1C80A977003FD67F /* ViewController.swift */ = {isa = PBXFileReference; lastKnownFileType = sourcecode.swift; path = ViewController.swift; sourceTree = "<group>"; };
		9FB69D8F1C80A977003FD67F /* Base */ = {isa = PBXFileReference; lastKnownFileType = file.storyboard; name = Base; path = Base.lproj/Main.storyboard; sourceTree = "<group>"; };
		9FB69D911C80A977003FD67F /* Assets.xcassets */ = {isa = PBXFileReference; lastKnownFileType = folder.assetcatalog; path = Assets.xcassets; sourceTree = "<group>"; };
		9FB69D941C80A977003FD67F /* Base */ = {isa = PBXFileReference; lastKnownFileType = file.storyboard; name = Base; path = Base.lproj/LaunchScreen.storyboard; sourceTree = "<group>"; };
		9FB69D961C80A977003FD67F /* Info.plist */ = {isa = PBXFileReference; lastKnownFileType = text.plist.xml; path = Info.plist; sourceTree = "<group>"; };
		9FB69D9B1C80A977003FD67F /* UIColorExtensionTests.xctest */ = {isa = PBXFileReference; explicitFileType = wrapper.cfbundle; includeInIndex = 0; path = UIColorExtensionTests.xctest; sourceTree = BUILT_PRODUCTS_DIR; };
		9FB69D9F1C80A977003FD67F /* UIColorExtensionTests.swift */ = {isa = PBXFileReference; lastKnownFileType = sourcecode.swift; path = UIColorExtensionTests.swift; sourceTree = "<group>"; };
		9FB69DA11C80A977003FD67F /* Info.plist */ = {isa = PBXFileReference; lastKnownFileType = text.plist.xml; path = Info.plist; sourceTree = "<group>"; };
		9FB69DA61C80A977003FD67F /* UIColorExtensionUITests.xctest */ = {isa = PBXFileReference; explicitFileType = wrapper.cfbundle; includeInIndex = 0; path = UIColorExtensionUITests.xctest; sourceTree = BUILT_PRODUCTS_DIR; };
		9FB69DAA1C80A977003FD67F /* UIColorExtensionUITests.swift */ = {isa = PBXFileReference; lastKnownFileType = sourcecode.swift; path = UIColorExtensionUITests.swift; sourceTree = "<group>"; };
		9FB69DAC1C80A977003FD67F /* Info.plist */ = {isa = PBXFileReference; lastKnownFileType = text.plist.xml; path = Info.plist; sourceTree = "<group>"; };
/* End PBXFileReference section */

/* Begin PBXFrameworksBuildPhase section */
		9FB69D841C80A977003FD67F /* Frameworks */ = {
			isa = PBXFrameworksBuildPhase;
			buildActionMask = 2147483647;
			files = (
			);
			runOnlyForDeploymentPostprocessing = 0;
		};
		9FB69D981C80A977003FD67F /* Frameworks */ = {
			isa = PBXFrameworksBuildPhase;
			buildActionMask = 2147483647;
			files = (
			);
			runOnlyForDeploymentPostprocessing = 0;
		};
		9FB69DA31C80A977003FD67F /* Frameworks */ = {
			isa = PBXFrameworksBuildPhase;
			buildActionMask = 2147483647;
			files = (
			);
			runOnlyForDeploymentPostprocessing = 0;
		};
/* End PBXFrameworksBuildPhase section */

/* Begin PBXGroup section */
		9FB69D7E1C80A977003FD67F = {
			isa = PBXGroup;
			children = (
				9FB69D891C80A977003FD67F /* UIColorExtension */,
				9FB69D9E1C80A977003FD67F /* UIColorExtensionTests */,
				9FB69DA91C80A977003FD67F /* UIColorExtensionUITests */,
				9FB69D881C80A977003FD67F /* Products */,
			);
			sourceTree = "<group>";
		};
		9FB69D881C80A977003FD67F /* Products */ = {
			isa = PBXGroup;
			children = (
				9FB69D871C80A977003FD67F /* UIColorExtension.app */,
				9FB69D9B1C80A977003FD67F /* UIColorExtensionTests.xctest */,
				9FB69DA61C80A977003FD67F /* UIColorExtensionUITests.xctest */,
			);
			name = Products;
			sourceTree = "<group>";
		};
		9FB69D891C80A977003FD67F /* UIColorExtension */ = {
			isa = PBXGroup;
			children = (
				9FB69D8A1C80A977003FD67F /* AppDelegate.swift */,
				9FB69D8C1C80A977003FD67F /* ViewController.swift */,
				9FB69D8E1C80A977003FD67F /* Main.storyboard */,
				9FB69D911C80A977003FD67F /* Assets.xcassets */,
				9FB69D931C80A977003FD67F /* LaunchScreen.storyboard */,
				9FB69D961C80A977003FD67F /* Info.plist */,
			);
			path = UIColorExtension;
			sourceTree = "<group>";
		};
		9FB69D9E1C80A977003FD67F /* UIColorExtensionTests */ = {
			isa = PBXGroup;
			children = (
				9FB69D9F1C80A977003FD67F /* UIColorExtensionTests.swift */,
				9FB69DA11C80A977003FD67F /* Info.plist */,
			);
			path = UIColorExtensionTests;
			sourceTree = "<group>";
		};
		9FB69DA91C80A977003FD67F /* UIColorExtensionUITests */ = {
			isa = PBXGroup;
			children = (
				9FB69DAA1C80A977003FD67F /* UIColorExtensionUITests.swift */,
				9FB69DAC1C80A977003FD67F /* Info.plist */,
			);
			path = UIColorExtensionUITests;
			sourceTree = "<group>";
		};
/* End PBXGroup section */

/* Begin PBXNativeTarget section */
		9FB69D861C80A977003FD67F /* UIColorExtension */ = {
			isa = PBXNativeTarget;
			buildConfigurationList = 9FB69DAF1C80A977003FD67F /* Build configuration list for PBXNativeTarget "UIColorExtension" */;
			buildPhases = (
				9FB69D831C80A977003FD67F /* Sources */,
				9FB69D841C80A977003FD67F /* Frameworks */,
				9FB69D851C80A977003FD67F /* Resources */,
			);
			buildRules = (
			);
			dependencies = (
			);
			name = UIColorExtension;
			productName = UIColorExtension;
			productReference = 9FB69D871C80A977003FD67F /* UIColorExtension.app */;
			productType = "com.apple.product-type.application";
		};
		9FB69D9A1C80A977003FD67F /* UIColorExtensionTests */ = {
			isa = PBXNativeTarget;
			buildConfigurationList = 9FB69DB21C80A977003FD67F /* Build configuration list for PBXNativeTarget "UIColorExtensionTests" */;
			buildPhases = (
				9FB69D971C80A977003FD67F /* Sources */,
				9FB69D981C80A977003FD67F /* Frameworks */,
				9FB69D991C80A977003FD67F /* Resources */,
			);
			buildRules = (
			);
			dependencies = (
				9FB69D9D1C80A977003FD67F /* PBXTargetDependency */,
			);
			name = UIColorExtensionTests;
			productName = UIColorExtensionTests;
			productReference = 9FB69D9B1C80A977003FD67F /* UIColorExtensionTests.xctest */;
			productType = "com.apple.product-type.bundle.unit-test";
		};
		9FB69DA51C80A977003FD67F /* UIColorExtensionUITests */ = {
			isa = PBXNativeTarget;
			buildConfigurationList = 9FB69DB51C80A977003FD67F /* Build configuration list for PBXNativeTarget "UIColorExtensionUITests" */;
			buildPhases = (
				9FB69DA21C80A977003FD67F /* Sources */,
				9FB69DA31C80A977003FD67F /* Frameworks */,
				9FB69DA41C80A977003FD67F /* Resources */,
			);
			buildRules = (
			);
			dependencies = (
				9FB69DA81C80A977003FD67F /* PBXTargetDependency */,
			);
			name = UIColorExtensionUITests;
			productName = UIColorExtensionUITests;
			productReference = 9FB69DA61C80A977003FD67F /* UIColorExtensionUITests.xctest */;
			productType = "com.apple.product-type.bundle.ui-testing";
		};
/* End PBXNativeTarget section */

/* Begin PBXProject section */
		9FB69D7F1C80A977003FD67F /* Project object */ = {
			isa = PBXProject;
			attributes = {
				LastSwiftUpdateCheck = 0720;
				LastUpgradeCheck = 0720;
				ORGANIZATIONNAME = LQB;
				TargetAttributes = {
					9FB69D861C80A977003FD67F = {
						CreatedOnToolsVersion = 7.2;
					};
					9FB69D9A1C80A977003FD67F = {
						CreatedOnToolsVersion = 7.2;
						TestTargetID = 9FB69D861C80A977003FD67F;
					};
					9FB69DA51C80A977003FD67F = {
						CreatedOnToolsVersion = 7.2;
						TestTargetID = 9FB69D861C80A977003FD67F;
					};
				};
			};
			buildConfigurationList = 9FB69D821C80A977003FD67F /* Build configuration list for PBXProject "UIColorExtension" */;
			compatibilityVersion = "Xcode 3.2";
			developmentRegion = English;
			hasScannedForEncodings = 0;
			knownRegions = (
				en,
				Base,
			);
			mainGroup = 9FB69D7E1C80A977003FD67F;
			productRefGroup = 9FB69D881C80A977003FD67F /* Products */;
			projectDirPath = "";
			projectRoot = "";
			targets = (
				9FB69D861C80A977003FD67F /* UIColorExtension */,
				9FB69D9A1C80A977003FD67F /* UIColorExtensionTests */,
				9FB69DA51C80A977003FD67F /* UIColorExtensionUITests */,
			);
		};
/* End PBXProject section */

/* Begin PBXResourcesBuildPhase section */
		9FB69D851C80A977003FD67F /* Resources */ = {
			isa = PBXResourcesBuildPhase;
			buildActionMask = 2147483647;
			files = (
				9FB69D951C80A977003FD67F /* LaunchScreen.storyboard in Resources */,
				9FB69D921C80A977003FD67F /* Assets.xcassets in Resources */,
				9FB69D901C80A977003FD67F /* Main.storyboard in Resources */,
			);
			runOnlyForDeploymentPostprocessing = 0;
		};
		9FB69D991C80A977003FD67F /* Resources */ = {
			isa = PBXResourcesBuildPhase;
			buildActionMask = 2147483647;
			files = (
			);
			runOnlyForDeploymentPostprocessing = 0;
		};
		9FB69DA41C80A977003FD67F /* Resources */ = {
			isa = PBXResourcesBuildPhase;
			buildActionMask = 2147483647;
			files = (
			);
			runOnlyForDeploymentPostprocessing = 0;
		};
/* End PBXResourcesBuildPhase section */

/* Begin PBXSourcesBuildPhase section */
		9FB69D831C80A977003FD67F /* Sources */ = {
			isa = PBXSourcesBuildPhase;
			buildActionMask = 2147483647;
			files = (
				9FB69D8D1C80A977003FD67F /* ViewController.swift in Sources */,
				9FB69D8B1C80A977003FD67F /* AppDelegate.swift in Sources */,
			);
			runOnlyForDeploymentPostprocessing = 0;
		};
		9FB69D971C80A977003FD67F /* Sources */ = {
			isa = PBXSourcesBuildPhase;
			buildActionMask = 2147483647;
			files = (
				9FB69DA01C80A977003FD67F /* UIColorExtensionTests.swift in Sources */,
			);
			runOnlyForDeploymentPostprocessing = 0;
		};
		9FB69DA21C80A977003FD67F /* Sources */ = {
			isa = PBXSourcesBuildPhase;
			buildActionMask = 2147483647;
			files = (
				9FB69DAB1C80A977003FD67F /* UIColorExtensionUITests.swift in Sources */,
			);
			runOnlyForDeploymentPostprocessing = 0;
		};
/* End PBXSourcesBuildPhase section */

/* Begin PBXTargetDependency section */
		9FB69D9D1C80A977003FD67F /* PBXTargetDependency */ = {
			isa = PBXTargetDependency;
			target = 9FB69D861C80A977003FD67F /* UIColorExtension */;
			targetProxy = 9FB69D9C1C80A977003FD67F /* PBXContainerItemProxy */;
		};
		9FB69DA81C80A977003FD67F /* PBXTargetDependency */ = {
			isa = PBXTargetDependency;
			target = 9FB69D861C80A977003FD67F /* UIColorExtension */;
			targetProxy = 9FB69DA71C80A977003FD67F /* PBXContainerItemProxy */;
		};
/* End PBXTargetDependency section */

/* Begin PBXVariantGroup section */
		9FB69D8E1C80A977003FD67F /* Main.storyboard */ = {
			isa = PBXVariantGroup;
			children = (
				9FB69D8F1C80A977003FD67F /* Base */,
			);
			name = Main.storyboard;
			sourceTree = "<group>";
		};
		9FB69D931C80A977003FD67F /* LaunchScreen.storyboard */ = {
			isa = PBXVariantGroup;
			children = (
				9FB69D941C80A977003FD67F /* Base */,
			);
			name = LaunchScreen.storyboard;
			sourceTree = "<group>";
		};
/* End PBXVariantGroup section */

/* Begin XCBuildConfiguration section */
		9FB69DAD1C80A977003FD67F /* Debug */ = {
			isa = XCBuildConfiguration;
			buildSettings = {
				ALWAYS_SEARCH_USER_PATHS = NO;
				CLANG_CXX_LANGUAGE_STANDARD = "gnu++0x";
				CLANG_CXX_LIBRARY = "libc++";
				CLANG_ENABLE_MODULES = YES;
				CLANG_ENABLE_OBJC_ARC = YES;
				CLANG_WARN_BOOL_CONVERSION = YES;
				CLANG_WARN_CONSTANT_CONVERSION = YES;
				CLANG_WARN_DIRECT_OBJC_ISA_USAGE = YES_ERROR;
				CLANG_WARN_EMPTY_BODY = YES;
				CLANG_WARN_ENUM_CONVERSION = YES;
				CLANG_WARN_INT_CONVERSION = YES;
				CLANG_WARN_OBJC_ROOT_CLASS = YES_ERROR;
				CLANG_WARN_UNREACHABLE_CODE = YES;
				CLANG_WARN__DUPLICATE_METHOD_MATCH = YES;
				"CODE_SIGN_IDENTITY[sdk=iphoneos*]" = "iPhone Developer";
				COPY_PHASE_STRIP = NO;
				DEBUG_INFORMATION_FORMAT = dwarf;
				ENABLE_STRICT_OBJC_MSGSEND = YES;
				ENABLE_TESTABILITY = YES;
				GCC_C_LANGUAGE_STANDARD = gnu99;
				GCC_DYNAMIC_NO_PIC = NO;
				GCC_NO_COMMON_BLOCKS = YES;
				GCC_OPTIMIZATION_LEVEL = 0;
				GCC_PREPROCESSOR_DEFINITIONS = (
					"DEBUG=1",
					"$(inherited)",
				);
				GCC_WARN_64_TO_32_BIT_CONVERSION = YES;
				GCC_WARN_ABOUT_RETURN_TYPE = YES_ERROR;
				GCC_WARN_UNDECLARED_SELECTOR = YES;
				GCC_WARN_UNINITIALIZED_AUTOS = YES_AGGRESSIVE;
				GCC_WARN_UNUSED_FUNCTION = YES;
				GCC_WARN_UNUSED_VARIABLE = YES;
				IPHONEOS_DEPLOYMENT_TARGET = 9.2;
				MTL_ENABLE_DEBUG_INFO = YES;
				ONLY_ACTIVE_ARCH = YES;
				SDKROOT = iphoneos;
				SWIFT_OPTIMIZATION_LEVEL = "-Onone";
			};
			name = Debug;
		};
		9FB69DAE1C80A977003FD67F /* Release */ = {
			isa = XCBuildConfiguration;
			buildSettings = {
				ALWAYS_SEARCH_USER_PATHS = NO;
				CLANG_CXX_LANGUAGE_STANDARD = "gnu++0x";
				CLANG_CXX_LIBRARY = "libc++";
				CLANG_ENABLE_MODULES = YES;
				CLANG_ENABLE_OBJC_ARC = YES;
				CLANG_WARN_BOOL_CONVERSION = YES;
				CLANG_WARN_CONSTANT_CONVERSION = YES;
				CLANG_WARN_DIRECT_OBJC_ISA_USAGE = YES_ERROR;
				CLANG_WARN_EMPTY_BODY = YES;
				CLANG_WARN_ENUM_CONVERSION = YES;
				CLANG_WARN_INT_CONVERSION = YES;
				CLANG_WARN_OBJC_ROOT_CLASS = YES_ERROR;
				CLANG_WARN_UNREACHABLE_CODE = YES;
				CLANG_WARN__DUPLICATE_METHOD_MATCH = YES;
				"CODE_SIGN_IDENTITY[sdk=iphoneos*]" = "iPhone Developer";
				COPY_PHASE_STRIP = NO;
				DEBUG_INFORMATION_FORMAT = "dwarf-with-dsym";
				ENABLE_NS_ASSERTIONS = NO;
				ENABLE_STRICT_OBJC_MSGSEND = YES;
				GCC_C_LANGUAGE_STANDARD = gnu99;
				GCC_NO_COMMON_BLOCKS = YES;
				GCC_WARN_64_TO_32_BIT_CONVERSION = YES;
				GCC_WARN_ABOUT_RETURN_TYPE = YES_ERROR;
				GCC_WARN_UNDECLARED_SELECTOR = YES;
				GCC_WARN_UNINITIALIZED_AUTOS = YES_AGGRESSIVE;
				GCC_WARN_UNUSED_FUNCTION = YES;
				GCC_WARN_UNUSED_VARIABLE = YES;
				IPHONEOS_DEPLOYMENT_TARGET = 9.2;
				MTL_ENABLE_DEBUG_INFO = NO;
				SDKROOT = iphoneos;
				VALIDATE_PRODUCT = YES;
			};
			name = Release;
		};
		9FB69DB01C80A977003FD67F /* Debug */ = {
			isa = XCBuildConfiguration;
			buildSettings = {
				ASSETCATALOG_COMPILER_APPICON_NAME = AppIcon;
				INFOPLIST_FILE = UIColorExtension/Info.plist;
				LD_RUNPATH_SEARCH_PATHS = "$(inherited) @executable_path/Frameworks";
				PRODUCT_BUNDLE_IDENTIFIER = LQB.UIColorExtension;
				PRODUCT_NAME = "$(TARGET_NAME)";
			};
			name = Debug;
		};
		9FB69DB11C80A977003FD67F /* Release */ = {
			isa = XCBuildConfiguration;
			buildSettings = {
				ASSETCATALOG_COMPILER_APPICON_NAME = AppIcon;
				INFOPLIST_FILE = UIColorExtension/Info.plist;
				LD_RUNPATH_SEARCH_PATHS = "$(inherited) @executable_path/Frameworks";
				PRODUCT_BUNDLE_IDENTIFIER = LQB.UIColorExtension;
				PRODUCT_NAME = "$(TARGET_NAME)";
			};
			name = Release;
		};
		9FB69DB31C80A977003FD67F /* Debug */ = {
			isa = XCBuildConfiguration;
			buildSettings = {
				BUNDLE_LOADER = "$(TEST_HOST)";
				INFOPLIST_FILE = UIColorExtensionTests/Info.plist;
				LD_RUNPATH_SEARCH_PATHS = "$(inherited) @executable_path/Frameworks @loader_path/Frameworks";
				PRODUCT_BUNDLE_IDENTIFIER = LQB.UIColorExtensionTests;
				PRODUCT_NAME = "$(TARGET_NAME)";
				TEST_HOST = "$(BUILT_PRODUCTS_DIR)/UIColorExtension.app/UIColorExtension";
			};
			name = Debug;
		};
		9FB69DB41C80A977003FD67F /* Release */ = {
			isa = XCBuildConfiguration;
			buildSettings = {
				BUNDLE_LOADER = "$(TEST_HOST)";
				INFOPLIST_FILE = UIColorExtensionTests/Info.plist;
				LD_RUNPATH_SEARCH_PATHS = "$(inherited) @executable_path/Frameworks @loader_path/Frameworks";
				PRODUCT_BUNDLE_IDENTIFIER = LQB.UIColorExtensionTests;
				PRODUCT_NAME = "$(TARGET_NAME)";
				TEST_HOST = "$(BUILT_PRODUCTS_DIR)/UIColorExtension.app/UIColorExtension";
			};
			name = Release;
		};
		9FB69DB61C80A977003FD67F /* Debug */ = {
			isa = XCBuildConfiguration;
			buildSettings = {
				INFOPLIST_FILE = UIColorExtensionUITests/Info.plist;
				LD_RUNPATH_SEARCH_PATHS = "$(inherited) @executable_path/Frameworks @loader_path/Frameworks";
				PRODUCT_BUNDLE_IDENTIFIER = LQB.UIColorExtensionUITests;
				PRODUCT_NAME = "$(TARGET_NAME)";
				TEST_TARGET_NAME = UIColorExtension;
				USES_XCTRUNNER = YES;
			};
			name = Debug;
		};
		9FB69DB71C80A977003FD67F /* Release */ = {
			isa = XCBuildConfiguration;
			buildSettings = {
				INFOPLIST_FILE = UIColorExtensionUITests/Info.plist;
				LD_RUNPATH_SEARCH_PATHS = "$(inherited) @executable_path/Frameworks @loader_path/Frameworks";
				PRODUCT_BUNDLE_IDENTIFIER = LQB.UIColorExtensionUITests;
				PRODUCT_NAME = "$(TARGET_NAME)";
				TEST_TARGET_NAME = UIColorExtension;
				USES_XCTRUNNER = YES;
			};
			name = Release;
		};
/* End XCBuildConfiguration section */

/* Begin XCConfigurationList section */
		9FB69D821C80A977003FD67F /* Build configuration list for PBXProject "UIColorExtension" */ = {
			isa = XCConfigurationList;
			buildConfigurations = (
				9FB69DAD1C80A977003FD67F /* Debug */,
				9FB69DAE1C80A977003FD67F /* Release */,
			);
			defaultConfigurationIsVisible = 0;
			defaultConfigurationName = Release;
		};
		9FB69DAF1C80A977003FD67F /* Build configuration list for PBXNativeTarget "UIColorExtension" */ = {
			isa = XCConfigurationList;
			buildConfigurations = (
				9FB69DB01C80A977003FD67F /* Debug */,
				9FB69DB11C80A977003FD67F /* Release */,
			);
			defaultConfigurationIsVisible = 0;
		};
		9FB69DB21C80A977003FD67F /* Build configuration list for PBXNativeTarget "UIColorExtensionTests" */ = {
			isa = XCConfigurationList;
			buildConfigurations = (
				9FB69DB31C80A977003FD67F /* Debug */,
				9FB69DB41C80A977003FD67F /* Release */,
			);
			defaultConfigurationIsVisible = 0;
		};
		9FB69DB51C80A977003FD67F /* Build configuration list for PBXNativeTarget "UIColorExtensionUITests" */ = {
			isa = XCConfigurationList;
			buildConfigurations = (
				9FB69DB61C80A977003FD67F /* Debug */,
				9FB69DB71C80A977003FD67F /* Release */,
			);
			defaultConfigurationIsVisible = 0;
		};
/* End XCConfigurationList section */
	};
	rootObject = 9FB69D7F1C80A977003FD67F /* Project object */;
}
